<?xml version="1.0" encoding="utf-8"?>
<Project ToolsVersion="15.0" xmlns="http://schemas.microsoft.com/developer/msbuild/2003">
  <ItemGroup>
    <Filter Include="Resources">
      <UniqueIdentifier>9ef4fe0b-157d-40d6-96f5-6fbacb5df0f9</UniqueIdentifier>
      <Extensions>rc;ico;cur;bmp;dlg;rc2;rct;bin;rgs;gif;jpg;jpeg;jpe;resx;tga;tiff;tif;png;wav;mfcribbon-ms</Extensions>
    </Filter>
    <Filter Include="Animation">
      <UniqueIdentifier>{2e5f04a3-9f0d-4a3c-8211-f5156e8968d6}</UniqueIdentifier>
    </Filter>
    <Filter Include="Common">
      <UniqueIdentifier>{e554b846-eab8-4749-a55c-65330a97994b}</UniqueIdentifier>
    </Filter>
    <Filter Include="DirectXTex">
      <UniqueIdentifier>{3a1c8c55-c4f4-413b-9a15-cb579d1030a8}</UniqueIdentifier>
    </Filter>
  </ItemGroup>
  <ItemGroup>
    <ClCompile Include="pch.cpp" />
    <ClCompile Include="Common\DirectXPanelBase.cpp">
      <Filter>Common</Filter>
    </ClCompile>
    <ClCompile Include="DirectXTex\DDSTextureLoader.cpp">
      <Filter>DirectXTex</Filter>
    </ClCompile>
    <ClCompile Include="DXModel.cpp" />
    <ClCompile Include="Transform.cpp" />
    <ClCompile Include="Camera.cpp" />
  </ItemGroup>
  <ItemGroup>
    <ClInclude Include="pch.h" />
    <ClInclude Include="Animation\Animation.h">
      <Filter>Animation</Filter>
    </ClInclude>
    <ClInclude Include="Common\DirectXHelper.h">
      <Filter>Common</Filter>
    </ClInclude>
    <ClInclude Include="Common\DirectXPanelBase.h">
      <Filter>Common</Filter>
    </ClInclude>
    <ClInclude Include="Common\StepTimer.h">
      <Filter>Common</Filter>
    </ClInclude>
    <ClInclude Include="DirectXTex\DDSTextureLoader.h">
      <Filter>DirectXTex</Filter>
    </ClInclude>
    <ClInclude Include="DXModel.h" />
    <ClInclude Include="ppltasks_extra.h" />
    <ClInclude Include="VSD3DStarter.h" />
    <ClInclude Include="Transform.h" />
    <ClInclude Include="Camera.h" />
  </ItemGroup>
  <ItemGroup>
    <FxCompile Include="Animation\SkinningVertexShader.hlsl">
      <Filter>Animation</Filter>
    </FxCompile>
  </ItemGroup>
</Project>